
Microsoft Visual Studio Solution File, Format Version 11.00
# Visual Studio 2010
Project("{FAE04EC0-301F-11D3-BF4B-00C04F79EFBC}") = "SilverlightApplication1", "SilverlightApplication1\SilverlightApplication1.csproj", "{0D335450-81A4-48F3-91F7-3FDCB14DF7F2}"
	ProjectSection(ProjectDependencies) = postProject
		{61C97BDE-2E59-44A2-BDA2-B50051DB9A9E} = {61C97BDE-2E59-44A2-BDA2-B50051DB9A9E}
	EndProjectSection
EndProject
Project("{FAE04EC0-301F-11D3-BF4B-00C04F79EFBC}") = "HelloWorld.Web", "HelloWorld.Web\HelloWorld.Web.csproj", "{61C97BDE-2E59-44A2-BDA2-B50051DB9A9E}"
EndProject
Global
	GlobalSection(SolutionConfigurationPlatforms) = preSolution
		Debug|Any CPU = Debug|Any CPU
		Release|Any CPU = Release|Any CPU
	EndGlobalSection
	GlobalSection(ProjectConfigurationPlatforms) = postSolution
		{0D335450-81A4-48F3-91F7-3FDCB14DF7F2}.Debug|Any CPU.ActiveCfg = Debug|Any CPU
		{0D335450-81A4-48F3-91F7-3FDCB14DF7F2}.Debug|Any CPU.Build.0 = Debug|Any CPU
		{0D335450-81A4-48F3-91F7-3FDCB14DF7F2}.Release|Any CPU.ActiveCfg = Release|Any CPU
		{0D335450-81A4-48F3-91F7-3FDCB14DF7F2}.Release|Any CPU.Build.0 = Release|Any CPU
		{61C97BDE-2E59-44A2-BDA2-B50051DB9A9E}.Debug|Any CPU.ActiveCfg = Debug|Any CPU
		{61C97BDE-2E59-44A2-BDA2-B50051DB9A9E}.Debug|Any CPU.Build.0 = Debug|Any CPU
		{61C97BDE-2E59-44A2-BDA2-B50051DB9A9E}.Release|Any CPU.ActiveCfg = Release|Any CPU
		{61C97BDE-2E59-44A2-BDA2-B50051DB9A9E}.Release|Any CPU.Build.0 = Release|Any CPU
	EndGlobalSection
	GlobalSection(SolutionProperties) = preSolution
		HideSolutionNode = FALSE
	EndGlobalSection
EndGlobal
